
Microsoft Visual Studio Solution File, Format Version 12.00
# Visual Studio Version 17
VisualStudioVersion = 17.8.34205.153
MinimumVisualStudioVersion = 10.0.40219.1
Project("{FAE04EC0-301F-11D3-BF4B-00C04F79EFBC}") = "TTS2Voice", "TTS2Voice.csproj", "{395B794D-3FB8-4656-B7F3-6D89FE571FBE}"
EndProject
Global
	GlobalSection(SolutionConfigurationPlatforms) = preSolution
		Debug|Any CPU = Debug|Any CPU
		Release|Any CPU = Release|Any CPU
	EndGlobalSection
	GlobalSection(ProjectConfigurationPlatforms) = postSolution
		{395B794D-3FB8-4656-B7F3-6D89FE571FBE}.Debug|Any CPU.ActiveCfg = Debug|Any CPU
		{395B794D-3FB8-4656-B7F3-6D89FE571FBE}.Debug|Any CPU.Build.0 = Debug|Any CPU
		{395B794D-3FB8-4656-B7F3-6D89FE571FBE}.Release|Any CPU.ActiveCfg = Release|Any CPU
		{395B794D-3FB8-4656-B7F3-6D89FE571FBE}.Release|Any CPU.Build.0 = Release|Any CPU
	EndGlobalSection
	GlobalSection(SolutionProperties) = preSolution
		HideSolutionNode = FALSE
	EndGlobalSection
	GlobalSection(ExtensibilityGlobals) = postSolution
		SolutionGuid = {FEAEF68A-55EC-402A-8E23-CE17C008C110}
	EndGlobalSection
EndGlobal
